
Microsoft Visual Studio Solution File, Format Version 12.00
# Visual Studio 2013
VisualStudioVersion = 12.0.21005.1
MinimumVisualStudioVersion = 10.0.40219.1
Project("{2150E333-8FDC-42A3-9474-1A3956D46DE8}") = "Xunit", "Xunit", "{6B9994E5-44DD-4FA6-9340-0CAFF1862A5C}"
EndProject
Project("{2150E333-8FDC-42A3-9474-1A3956D46DE8}") = "Xunit2", "Xunit2", "{7D49E00B-5506-43F0-B4CA-2417CA1DE400}"
EndProject
Project("{FAE04EC0-301F-11D3-BF4B-00C04F79EFBC}") = "XunitShould", "Should\Xunit\XunitShould.csproj", "{0B92B0EA-A708-414D-A253-916CCECF4CD7}"
EndProject
Project("{FAE04EC0-301F-11D3-BF4B-00C04F79EFBC}") = "XunitShould.Tests", "Should.Tests\Xunit\XunitShould.Tests.csproj", "{4B75837D-3D77-4F25-85F5-9B72A24AF0C7}"
EndProject
Project("{FAE04EC0-301F-11D3-BF4B-00C04F79EFBC}") = "XunitShouldXml", "ShouldXml\Xunit\XunitShouldXml.csproj", "{012408B2-0CD1-44DD-ADF3-6E728BF6C318}"
EndProject
Project("{FAE04EC0-301F-11D3-BF4B-00C04F79EFBC}") = "XunitShouldXml.Tests", "ShouldXml.Tests\Xunit\XunitShouldXml.Tests.csproj", "{1EA8524F-A7CD-43BB-B267-529D5DB3A512}"
EndProject
Project("{FAE04EC0-301F-11D3-BF4B-00C04F79EFBC}") = "Xunit2Should", "Should\Xunit2\Xunit2Should.csproj", "{B80AC1A5-1A05-4157-9389-40C4522AAE68}"
EndProject
Project("{FAE04EC0-301F-11D3-BF4B-00C04F79EFBC}") = "Xunit2Should.Tests", "Should.Tests\Xunit2\Xunit2Should.Tests.csproj", "{2659E0F0-835E-4C15-8FFB-B052B858DBBA}"
EndProject
Project("{FAE04EC0-301F-11D3-BF4B-00C04F79EFBC}") = "Xunit2ShouldXml", "ShouldXml\Xunit2\Xunit2ShouldXml.csproj", "{CAF0852A-3283-46F7-AA3C-A8E2FDEAB14E}"
EndProject
Project("{FAE04EC0-301F-11D3-BF4B-00C04F79EFBC}") = "Xunit2ShouldXml.Tests", "ShouldXml.Tests\Xunit2\Xunit2ShouldXml.Tests.csproj", "{FA008ABC-F337-4DB9-942D-9EFEB03D6D23}"
EndProject
Project("{2150E333-8FDC-42A3-9474-1A3956D46DE8}") = "Packaging", "Packaging", "{74CE85B3-C87E-49AA-9D7A-22F9F202195D}"
	ProjectSection(SolutionItems) = preProject
		Should\Xunit2\Xunit2Should.nuspec = Should\Xunit2\Xunit2Should.nuspec
		ShouldXml\Xunit2\Xunit2ShouldXml.nuspec = ShouldXml\Xunit2\Xunit2ShouldXml.nuspec
		Should\Xunit\XunitShould.nuspec = Should\Xunit\XunitShould.nuspec
		ShouldXml\Xunit\XunitShouldXml.nuspec = ShouldXml\Xunit\XunitShouldXml.nuspec
	EndProjectSection
EndProject
Global
	GlobalSection(SolutionConfigurationPlatforms) = preSolution
		Debug|Any CPU = Debug|Any CPU
		Release|Any CPU = Release|Any CPU
	EndGlobalSection
	GlobalSection(ProjectConfigurationPlatforms) = postSolution
		{0B92B0EA-A708-414D-A253-916CCECF4CD7}.Debug|Any CPU.ActiveCfg = Debug|Any CPU
		{0B92B0EA-A708-414D-A253-916CCECF4CD7}.Debug|Any CPU.Build.0 = Debug|Any CPU
		{0B92B0EA-A708-414D-A253-916CCECF4CD7}.Release|Any CPU.ActiveCfg = Release|Any CPU
		{0B92B0EA-A708-414D-A253-916CCECF4CD7}.Release|Any CPU.Build.0 = Release|Any CPU
		{4B75837D-3D77-4F25-85F5-9B72A24AF0C7}.Debug|Any CPU.ActiveCfg = Debug|Any CPU
		{4B75837D-3D77-4F25-85F5-9B72A24AF0C7}.Debug|Any CPU.Build.0 = Debug|Any CPU
		{4B75837D-3D77-4F25-85F5-9B72A24AF0C7}.Release|Any CPU.ActiveCfg = Release|Any CPU
		{4B75837D-3D77-4F25-85F5-9B72A24AF0C7}.Release|Any CPU.Build.0 = Release|Any CPU
		{012408B2-0CD1-44DD-ADF3-6E728BF6C318}.Debug|Any CPU.ActiveCfg = Debug|Any CPU
		{012408B2-0CD1-44DD-ADF3-6E728BF6C318}.Debug|Any CPU.Build.0 = Debug|Any CPU
		{012408B2-0CD1-44DD-ADF3-6E728BF6C318}.Release|Any CPU.ActiveCfg = Release|Any CPU
		{012408B2-0CD1-44DD-ADF3-6E728BF6C318}.Release|Any CPU.Build.0 = Release|Any CPU
		{1EA8524F-A7CD-43BB-B267-529D5DB3A512}.Debug|Any CPU.ActiveCfg = Debug|Any CPU
		{1EA8524F-A7CD-43BB-B267-529D5DB3A512}.Debug|Any CPU.Build.0 = Debug|Any CPU
		{1EA8524F-A7CD-43BB-B267-529D5DB3A512}.Release|Any CPU.ActiveCfg = Release|Any CPU
		{1EA8524F-A7CD-43BB-B267-529D5DB3A512}.Release|Any CPU.Build.0 = Release|Any CPU
		{B80AC1A5-1A05-4157-9389-40C4522AAE68}.Debug|Any CPU.ActiveCfg = Debug|Any CPU
		{B80AC1A5-1A05-4157-9389-40C4522AAE68}.Debug|Any CPU.Build.0 = Debug|Any CPU
		{B80AC1A5-1A05-4157-9389-40C4522AAE68}.Release|Any CPU.ActiveCfg = Release|Any CPU
		{B80AC1A5-1A05-4157-9389-40C4522AAE68}.Release|Any CPU.Build.0 = Release|Any CPU
		{2659E0F0-835E-4C15-8FFB-B052B858DBBA}.Debug|Any CPU.ActiveCfg = Debug|Any CPU
		{2659E0F0-835E-4C15-8FFB-B052B858DBBA}.Debug|Any CPU.Build.0 = Debug|Any CPU
		{2659E0F0-835E-4C15-8FFB-B052B858DBBA}.Release|Any CPU.ActiveCfg = Release|Any CPU
		{2659E0F0-835E-4C15-8FFB-B052B858DBBA}.Release|Any CPU.Build.0 = Release|Any CPU
		{CAF0852A-3283-46F7-AA3C-A8E2FDEAB14E}.Debug|Any CPU.ActiveCfg = Debug|Any CPU
		{CAF0852A-3283-46F7-AA3C-A8E2FDEAB14E}.Debug|Any CPU.Build.0 = Debug|Any CPU
		{CAF0852A-3283-46F7-AA3C-A8E2FDEAB14E}.Release|Any CPU.ActiveCfg = Release|Any CPU
		{CAF0852A-3283-46F7-AA3C-A8E2FDEAB14E}.Release|Any CPU.Build.0 = Release|Any CPU
		{FA008ABC-F337-4DB9-942D-9EFEB03D6D23}.Debug|Any CPU.ActiveCfg = Debug|Any CPU
		{FA008ABC-F337-4DB9-942D-9EFEB03D6D23}.Debug|Any CPU.Build.0 = Debug|Any CPU
		{FA008ABC-F337-4DB9-942D-9EFEB03D6D23}.Release|Any CPU.ActiveCfg = Release|Any CPU
		{FA008ABC-F337-4DB9-942D-9EFEB03D6D23}.Release|Any CPU.Build.0 = Release|Any CPU
	EndGlobalSection
	GlobalSection(SolutionProperties) = preSolution
		HideSolutionNode = FALSE
	EndGlobalSection
	GlobalSection(NestedProjects) = preSolution
		{0B92B0EA-A708-414D-A253-916CCECF4CD7} = {6B9994E5-44DD-4FA6-9340-0CAFF1862A5C}
		{4B75837D-3D77-4F25-85F5-9B72A24AF0C7} = {6B9994E5-44DD-4FA6-9340-0CAFF1862A5C}
		{012408B2-0CD1-44DD-ADF3-6E728BF6C318} = {6B9994E5-44DD-4FA6-9340-0CAFF1862A5C}
		{1EA8524F-A7CD-43BB-B267-529D5DB3A512} = {6B9994E5-44DD-4FA6-9340-0CAFF1862A5C}
		{B80AC1A5-1A05-4157-9389-40C4522AAE68} = {7D49E00B-5506-43F0-B4CA-2417CA1DE400}
		{2659E0F0-835E-4C15-8FFB-B052B858DBBA} = {7D49E00B-5506-43F0-B4CA-2417CA1DE400}
		{CAF0852A-3283-46F7-AA3C-A8E2FDEAB14E} = {7D49E00B-5506-43F0-B4CA-2417CA1DE400}
		{FA008ABC-F337-4DB9-942D-9EFEB03D6D23} = {7D49E00B-5506-43F0-B4CA-2417CA1DE400}
	EndGlobalSection
EndGlobal
